{
  "name": "passkeys",
  "version": "3.0.10",
  "lockfileVersion": 3,
  "requires": true,
  "packages": {
    "": {
      "name": "passkeys",
      "version": "3.0.10",
      "license": "MIT",
      "dependencies": {
        "@simplewebauthn/server": "^13.0.1",
        "api": "treeder/api#semver:^1",
        "console-logger": "github:treeder/console-logger#semver:^1",
        "cookie-es": "^2.0.0",
        "flaregun": "github:treeder/flaregun#semver:^3",
        "nanoid": "^5.0.7",
        "rend": "github:treeder/rend#semver:^1"
      },
      "devDependencies": {
        "prettier": "^3.6.2",
        "testkit": "github:treeder/testkit#semver:^1"
      }
    },
    "node_modules/@hexagon/base64": {
      "version": "1.1.28",
      "resolved": "https://registry.npmjs.org/@hexagon/base64/-/base64-1.1.28.tgz",
      "integrity": "sha512-lhqDEAvWixy3bZ+UOYbPwUbBkwBq5C1LAJ/xPC8Oi+lL54oyakv/npbA0aU2hgCsx/1NUd4IBvV03+aUBWxerw==",
      "license": "MIT"
    },
    "node_modules/@levischuck/tiny-cbor": {
      "version": "0.2.11",
      "resolved": "https://registry.npmjs.org/@levischuck/tiny-cbor/-/tiny-cbor-0.2.11.tgz",
      "integrity": "sha512-llBRm4dT4Z89aRsm6u2oEZ8tfwL/2l6BwpZ7JcyieouniDECM5AqNgr/y08zalEIvW3RSK4upYyybDcmjXqAow==",
      "license": "MIT"
    },
    "node_modules/@luxass/strip-json-comments": {
      "version": "1.4.0",
      "resolved": "https://registry.npmjs.org/@luxass/strip-json-comments/-/strip-json-comments-1.4.0.tgz",
      "integrity": "sha512-Zl343to4u/t8jz1q7R/1UY6hLX+344cwPLEXsIYthVwdU5zyjuVBGcpf2E24+QZkwFfRfmnHTcscreQzWn3hiA==",
      "license": "MIT",
      "engines": {
        "node": ">=18"
      }
    },
    "node_modules/@peculiar/asn1-android": {
      "version": "2.7.0",
      "resolved": "https://registry.npmjs.org/@peculiar/asn1-android/-/asn1-android-2.7.0.tgz",
      "integrity": "sha512-iD3VskhVQnM4nE3PN9cBdPTR7JrqZy3FYk+uD2CeG6DUqKoANqaEfx0f7izPmW+Qm5JBM35ek+viLCmjy18ByQ==",
      "license": "MIT",
      "dependencies": {
        "@peculiar/asn1-schema": "^2.7.0",
        "asn1js": "^3.0.6",
        "tslib": "^2.8.1"
      }
    },
    "node_modules/@peculiar/asn1-cms": {
      "version": "2.7.0",
      "resolved": "https://registry.npmjs.org/@peculiar/asn1-cms/-/asn1-cms-2.7.0.tgz",
      "integrity": "sha512-hew63shtzzvBcSHbhm+cyAmKe6AIfinT9hzEqSPjDC6opTTMKmTkQ0gHuN2KsWlvqiKw1S/fS94fhag/FJkioQ==",
      "license": "MIT",
      "dependencies": {
        "@peculiar/asn1-schema": "^2.7.0",
        "@peculiar/asn1-x509": "^2.7.0",
        "@peculiar/asn1-x509-attr": "^2.7.0",
        "asn1js": "^3.0.6",
        "tslib": "^2.8.1"
      }
    },
    "node_modules/@peculiar/asn1-csr": {
      "version": "2.7.0",
      "resolved": "https://registry.npmjs.org/@peculiar/asn1-csr/-/asn1-csr-2.7.0.tgz",
      "integrity": "sha512-VVsAyGqErT9D1SY4aEqozThXMVI+ssVRiv2DDeYuvpBKLIgZ3hYs3Ay3u/VSoKq6ESFi9cf6rf3IOOzfwh7oMA==",
      "license": "MIT",
      "dependencies": {
        "@peculiar/asn1-schema": "^2.7.0",
        "@peculiar/asn1-x509": "^2.7.0",
        "asn1js": "^3.0.6",
        "tslib": "^2.8.1"
      }
    },
    "node_modules/@peculiar/asn1-ecc": {
      "version": "2.7.0",
      "resolved": "https://registry.npmjs.org/@peculiar/asn1-ecc/-/asn1-ecc-2.7.0.tgz",
      "integrity": "sha512-n7KEs/Q/wrB415cxy4fHOBhegp4NdJ15fkJPwcB/3/8iNBQC2L/N7SChJPKDJPZGYH0jD4Tg4/0vnHmwghnbKw==",
      "license": "MIT",
      "dependencies": {
        "@peculiar/asn1-schema": "^2.7.0",
        "@peculiar/asn1-x509": "^2.7.0",
        "asn1js": "^3.0.6",
        "tslib": "^2.8.1"
      }
    },
    "node_modules/@peculiar/asn1-pfx": {
      "version": "2.7.0",
      "resolved": "https://registry.npmjs.org/@peculiar/asn1-pfx/-/asn1-pfx-2.7.0.tgz",
      "integrity": "sha512-V/nrlQVmhg7lYAsM7E13UDL5erAwFv6kCIVFqNaMIHSVi7dngcT839JkRTkQBqznMG98l2XjxYk74ZztAohZzA==",
      "license": "MIT",
      "dependencies": {
        "@peculiar/asn1-cms": "^2.7.0",
        "@peculiar/asn1-pkcs8": "^2.7.0",
        "@peculiar/asn1-rsa": "^2.7.0",
        "@peculiar/asn1-schema": "^2.7.0",
        "asn1js": "^3.0.6",
        "tslib": "^2.8.1"
      }
    },
    "node_modules/@peculiar/asn1-pkcs8": {
      "version": "2.7.0",
      "resolved": "https://registry.npmjs.org/@peculiar/asn1-pkcs8/-/asn1-pkcs8-2.7.0.tgz",
      "integrity": "sha512-9GTl1nE8Mx1kTZ+7QyYatDyKsm34QcWRBFkY1iPvWC3X4Dona5s/tlLiQsx5WzVdZqiMBZNYT0buyw4/vbhnjw==",
      "license": "MIT",
      "dependencies": {
        "@peculiar/asn1-schema": "^2.7.0",
        "@peculiar/asn1-x509": "^2.7.0",
        "asn1js": "^3.0.6",
        "tslib": "^2.8.1"
      }
    },
    "node_modules/@peculiar/asn1-pkcs9": {
      "version": "2.7.0",
      "resolved": "https://registry.npmjs.org/@peculiar/asn1-pkcs9/-/asn1-pkcs9-2.7.0.tgz",
      "integrity": "sha512-Bh7m+OuIaSEllPQcSd9OSp93F4ROWH7sbITWV8MI+8dwsjE5111/87VxiWVvYFKyww3vp39geLv9ENqhwWHcew==",
      "license": "MIT",
      "dependencies": {
        "@peculiar/asn1-cms": "^2.7.0",
        "@peculiar/asn1-pfx": "^2.7.0",
        "@peculiar/asn1-pkcs8": "^2.7.0",
        "@peculiar/asn1-schema": "^2.7.0",
        "@peculiar/asn1-x509": "^2.7.0",
        "@peculiar/asn1-x509-attr": "^2.7.0",
        "asn1js": "^3.0.6",
        "tslib": "^2.8.1"
      }
    },
    "node_modules/@peculiar/asn1-rsa": {
      "version": "2.7.0",
      "resolved": "https://registry.npmjs.org/@peculiar/asn1-rsa/-/asn1-rsa-2.7.0.tgz",
      "integrity": "sha512-/qvENQrXyTZURjMqSeofHul0JJt2sNSzSwk36pl2olkHbaioMQgrASDZAlHXl0xUlnVbHj0uGgOrBMTb5x2aJQ==",
      "license": "MIT",
      "dependencies": {
        "@peculiar/asn1-schema": "^2.7.0",
        "@peculiar/asn1-x509": "^2.7.0",
        "asn1js": "^3.0.6",
        "tslib": "^2.8.1"
      }
    },
    "node_modules/@peculiar/asn1-schema": {
      "version": "2.7.0",
      "resolved": "https://registry.npmjs.org/@peculiar/asn1-schema/-/asn1-schema-2.7.0.tgz",
      "integrity": "sha512-W8ZfWzLmQnrcky+eh3tni4IozMdqBDiHWU0N+vve/UGjMaUs8c0L7A2oEdkBXS8rTpWDpK/aoI3DG/L/hxmxPg==",
      "license": "MIT",
      "dependencies": {
        "@peculiar/utils": "^2.0.2",
        "asn1js": "^3.0.6",
        "tslib": "^2.8.1"
      }
    },
    "node_modules/@peculiar/asn1-x509": {
      "version": "2.7.0",
      "resolved": "https://registry.npmjs.org/@peculiar/asn1-x509/-/asn1-x509-2.7.0.tgz",
      "integrity": "sha512-mUn9RRrkGDnG4ALfunDmzyRW5dg+sWCj/pfnCCqEHYbkGxEpvUt6iVJv8Yw1cyp6SWZ26ZE5oSmI5SqEaen15g==",
      "license": "MIT",
      "dependencies": {
        "@peculiar/asn1-schema": "^2.7.0",
        "@peculiar/utils": "^2.0.2",
        "asn1js": "^3.0.6",
        "tslib": "^2.8.1"
      }
    },
    "node_modules/@peculiar/asn1-x509-attr": {
      "version": "2.7.0",
      "resolved": "https://registry.npmjs.org/@peculiar/asn1-x509-attr/-/asn1-x509-attr-2.7.0.tgz",
      "integrity": "sha512-NS8e7SOgXipkzUPLF/sce7ukpMpWjhxYsH0n6Y+bHYo4TTxOb95Zv7hqwSuL212mj5YxovjdOKQOgH1As3E94w==",
      "license": "MIT",
      "dependencies": {
        "@peculiar/asn1-schema": "^2.7.0",
        "@peculiar/asn1-x509": "^2.7.0",
        "asn1js": "^3.0.6",
        "tslib": "^2.8.1"
      }
    },
    "node_modules/@peculiar/utils": {
      "version": "2.0.3",
      "resolved": "https://registry.npmjs.org/@peculiar/utils/-/utils-2.0.3.tgz",
      "integrity": "sha512-+oL3HPFRIZ1St2K50lWCXiioIgSoxzz7R1J3uF6neO2yl1sgmpgY6XXJH4BdpoDkMWznQTeYF6oWNDZLCdQ4eQ==",
      "license": "MIT",
      "dependencies": {
        "tslib": "^2.8.1"
      }
    },
    "node_modules/@peculiar/x509": {
      "version": "1.14.3",
      "resolved": "https://registry.npmjs.org/@peculiar/x509/-/x509-1.14.3.tgz",
      "integrity": "sha512-C2Xj8FZ0uHWeCXXqX5B4/gVFQmtSkiuOolzAgutjTfseNOHT3pUjljDZsTSxXFGgio54bCzVFqmEOUrIVk8RDA==",
      "license": "MIT",
      "dependencies": {
        "@peculiar/asn1-cms": "^2.6.0",
        "@peculiar/asn1-csr": "^2.6.0",
        "@peculiar/asn1-ecc": "^2.6.0",
        "@peculiar/asn1-pkcs9": "^2.6.0",
        "@peculiar/asn1-rsa": "^2.6.0",
        "@peculiar/asn1-schema": "^2.6.0",
        "@peculiar/asn1-x509": "^2.6.0",
        "pvtsutils": "^1.3.6",
        "reflect-metadata": "^0.2.2",
        "tslib": "^2.8.1",
        "tsyringe": "^4.10.0"
      },
      "engines": {
        "node": ">=20.0.0"
      }
    },
    "node_modules/@simplewebauthn/server": {
      "version": "13.3.0",
      "resolved": "https://registry.npmjs.org/@simplewebauthn/server/-/server-13.3.0.tgz",
      "integrity": "sha512-MLHYFrYG8/wK2i+86XMhiecK72nMaHKKt4bo+7Q1TbuG9iGjlSdfkPWKO5ZFE/BX+ygCJ7pr8H/AJeyAj1EaTQ==",
      "license": "MIT",
      "dependencies": {
        "@hexagon/base64": "^1.1.27",
        "@levischuck/tiny-cbor": "^0.2.2",
        "@peculiar/asn1-android": "^2.6.0",
        "@peculiar/asn1-ecc": "^2.6.1",
        "@peculiar/asn1-rsa": "^2.6.1",
        "@peculiar/asn1-schema": "^2.6.0",
        "@peculiar/asn1-x509": "^2.6.1",
        "@peculiar/x509": "^1.14.3"
      },
      "engines": {
        "node": ">=20.0.0"
      }
    },
    "node_modules/api": {
      "version": "1.0.6",
      "resolved": "git+ssh://git@github.com/treeder/api.git#a4baede69ed5c9f2234e5a133afdb5259b50b543",
      "license": "MIT"
    },
    "node_modules/asn1js": {
      "version": "3.0.10",
      "resolved": "https://registry.npmjs.org/asn1js/-/asn1js-3.0.10.tgz",
      "integrity": "sha512-S2s3aOytiKdFRdulw2qPE51MzjzVOisppcVv7jVFR+Kw0kxwvFrDcYA0h7Ndqbmj0HkMIXYWaoj7fli8kgx1eg==",
      "license": "BSD-3-Clause",
      "dependencies": {
        "pvtsutils": "^1.3.6",
        "pvutils": "^1.1.5",
        "tslib": "^2.8.1"
      },
      "engines": {
        "node": ">=12.0.0"
      }
    },
    "node_modules/console-logger": {
      "version": "1.0.1",
      "resolved": "git+ssh://git@github.com/treeder/console-logger.git#b0653402f2851808bf0e1291722fe4edf7c188b8",
      "license": "MIT"
    },
    "node_modules/cookie-es": {
      "version": "2.0.1",
      "resolved": "https://registry.npmjs.org/cookie-es/-/cookie-es-2.0.1.tgz",
      "integrity": "sha512-aVf4A4hI2w70LnF7GG+7xDQUkliwiXWXFvTjkip4+b64ygDQ2sJPRSKFDHbxn8o0xu9QzPkMuuiWIXyFSE2slA==",
      "license": "MIT"
    },
    "node_modules/dotenv": {
      "version": "17.4.2",
      "resolved": "https://registry.npmjs.org/dotenv/-/dotenv-17.4.2.tgz",
      "integrity": "sha512-nI4U3TottKAcAD9LLud4Cb7b2QztQMUEfHbvhTH09bqXTxnSie8WnjPALV/WMCrJZ6UV/qHJ6L03OqO3LcdYZw==",
      "license": "BSD-2-Clause",
      "engines": {
        "node": ">=12"
      },
      "funding": {
        "url": "https://dotenvx.com"
      }
    },
    "node_modules/flaregun": {
      "version": "3.7.6",
      "resolved": "git+ssh://git@github.com/treeder/flaregun.git#a1d18ecf76990b8d0cc2a54e056fbda3a8c8c335",
      "license": "MIT",
      "dependencies": {
        "api": "github:treeder/api#semver:^1",
        "dotenv": "^17.2.3",
        "jsonc-parse": "^1.5.5",
        "models": "github:treeder/models#semver:^1",
        "nanoid": "^5.0.6"
      },
      "bin": {
        "flaregun": "bin/flaregun.js"
      }
    },
    "node_modules/jsonc-parse": {
      "version": "1.5.5",
      "resolved": "https://registry.npmjs.org/jsonc-parse/-/jsonc-parse-1.5.5.tgz",
      "integrity": "sha512-6xSVqUb+VBwXSJoyDPzgK1toG+JoOcfjWrmZNBL5ZmKnokV9dLshqyLU8NkcLavKbT5tKEr+3T0d4/7d+wVdVw==",
      "license": "MIT",
      "dependencies": {
        "@luxass/strip-json-comments": "^1.3.2"
      },
      "engines": {
        "node": ">=18"
      }
    },
    "node_modules/models": {
      "version": "1.0.12",
      "resolved": "git+ssh://git@github.com/treeder/models.git#d7a2f48111ab3097dd1d87fa544fc6f4ead4b16f",
      "license": "MIT"
    },
    "node_modules/nanoid": {
      "version": "5.1.11",
      "resolved": "https://registry.npmjs.org/nanoid/-/nanoid-5.1.11.tgz",
      "integrity": "sha512-v+KEsUv2ps74PaSKv0gHTxTCgMXOIfBEbaqa6w6ISIGC7ZsvHN4N9oJ8d4cmf0n5oTzQz2SLmThbQWhjd/8eKg==",
      "funding": [
        {
          "type": "github",
          "url": "https://github.com/sponsors/ai"
        }
      ],
      "license": "MIT",
      "bin": {
        "nanoid": "bin/nanoid.js"
      },
      "engines": {
        "node": "^18 || >=20"
      }
    },
    "node_modules/prettier": {
      "version": "3.8.3",
      "resolved": "https://registry.npmjs.org/prettier/-/prettier-3.8.3.tgz",
      "integrity": "sha512-7igPTM53cGHMW8xWuVTydi2KO233VFiTNyF5hLJqpilHfmn8C8gPf+PS7dUT64YcXFbiMGZxS9pCSxL/Dxm/Jw==",
      "dev": true,
      "license": "MIT",
      "bin": {
        "prettier": "bin/prettier.cjs"
      },
      "engines": {
        "node": ">=14"
      },
      "funding": {
        "url": "https://github.com/prettier/prettier?sponsor=1"
      }
    },
    "node_modules/pvtsutils": {
      "version": "1.3.6",
      "resolved": "https://registry.npmjs.org/pvtsutils/-/pvtsutils-1.3.6.tgz",
      "integrity": "sha512-PLgQXQ6H2FWCaeRak8vvk1GW462lMxB5s3Jm673N82zI4vqtVUPuZdffdZbPDFRoU8kAhItWFtPCWiPpp4/EDg==",
      "license": "MIT",
      "dependencies": {
        "tslib": "^2.8.1"
      }
    },
    "node_modules/pvutils": {
      "version": "1.1.5",
      "resolved": "https://registry.npmjs.org/pvutils/-/pvutils-1.1.5.tgz",
      "integrity": "sha512-KTqnxsgGiQ6ZAzZCVlJH5eOjSnvlyEgx1m8bkRJfOhmGRqfo5KLvmAlACQkrjEtOQ4B7wF9TdSLIs9O90MX9xA==",
      "license": "MIT",
      "engines": {
        "node": ">=16.0.0"
      }
    },
    "node_modules/reflect-metadata": {
      "version": "0.2.2",
      "resolved": "https://registry.npmjs.org/reflect-metadata/-/reflect-metadata-0.2.2.tgz",
      "integrity": "sha512-urBwgfrvVP/eAyXx4hluJivBKzuEbSQs9rKWCrCkbSxNv8mxPcUZKeuoF3Uy4mJl3Lwprp6yy5/39VWigZ4K6Q==",
      "license": "Apache-2.0"
    },
    "node_modules/rend": {
      "version": "1.0.5",
      "resolved": "git+ssh://git@github.com/treeder/rend.git#c257241c4d1abcc6f557bc843fbc0fdee3f770b6",
      "license": "Apache 2.0"
    },
    "node_modules/testkit": {
      "version": "1.0.11",
      "resolved": "git+ssh://git@github.com/treeder/testkit.git#0f455553c030d748fc1784337d536f7b472f6930",
      "dev": true,
      "license": "MIT",
      "dependencies": {
        "api": "github:treeder/api",
        "dotenv": "^17.2.1"
      },
      "bin": {
        "testkit": "bin/testkit.js"
      }
    },
    "node_modules/tslib": {
      "version": "2.8.1",
      "resolved": "https://registry.npmjs.org/tslib/-/tslib-2.8.1.tgz",
      "integrity": "sha512-oJFu94HQb+KVduSUQL7wnpmqnfmLsOA/nAh6b6EH0wCEoK0/mPeXU6c3wKDV83MkOuHPRHtSXKKU99IBazS/2w==",
      "license": "0BSD"
    },
    "node_modules/tsyringe": {
      "version": "4.10.0",
      "resolved": "https://registry.npmjs.org/tsyringe/-/tsyringe-4.10.0.tgz",
      "integrity": "sha512-axr3IdNuVIxnaK5XGEUFTu3YmAQ6lllgrvqfEoR16g/HGnYY/6We4oWENtAnzK6/LpJ2ur9PAb80RBt7/U4ugw==",
      "license": "MIT",
      "dependencies": {
        "tslib": "^1.9.3"
      },
      "engines": {
        "node": ">= 6.0.0"
      }
    },
    "node_modules/tsyringe/node_modules/tslib": {
      "version": "1.14.1",
      "resolved": "https://registry.npmjs.org/tslib/-/tslib-1.14.1.tgz",
      "integrity": "sha512-Xni35NKzjgMrwevysHTCArtLDpPvye8zV/0E4EyYn43P7/7qvQwPh9BGkHewbMulVntbigmcT7rdX3BNo9wRJg==",
      "license": "0BSD"
    }
  }
}
